
Microsoft Visual Studio Solution File, Format Version 12.00
# Visual Studio 15
Project("{FAE04EC0-301F-11D3-BF4B-00C04F79EFBC}") = "Assembly-CSharp", "Assembly-CSharp.csproj", "{7E8F2322-AE59-E1F9-BD69-80F7F3BAF462}"
EndProject
Project("{FAE04EC0-301F-11D3-BF4B-00C04F79EFBC}") = "Assembly-CSharp-Editor", "Assembly-CSharp-Editor.csproj", "{7AE66C23-FEC9-ECB3-B718-CF9C026F7031}"
EndProject
Project("{FAE04EC0-301F-11D3-BF4B-00C04F79EFBC}") = "Unity.XR.Interaction.Toolkit.Samples.StarterAssets.Editor", "Unity.XR.Interaction.Toolkit.Samples.StarterAssets.Editor.csproj", "{9CA5ADFD-FF38-19AA-9D3B-67644E428F1D}"
EndProject
Project("{FAE04EC0-301F-11D3-BF4B-00C04F79EFBC}") = "Unity.XR.Interaction.Toolkit.Samples.StarterAssets", "Unity.XR.Interaction.Toolkit.Samples.StarterAssets.csproj", "{7E2A0F84-CA0A-24B3-D241-21EA62F11921}"
EndProject
Global
	GlobalSection(SolutionConfigurationPlatforms) = preSolution
		Debug|Any CPU = Debug|Any CPU
		Release|Any CPU = Release|Any CPU
	EndGlobalSection
	GlobalSection(ProjectConfigurationPlatforms) = postSolution
		{7E8F2322-AE59-E1F9-BD69-80F7F3BAF462}.Debug|Any CPU.ActiveCfg = Debug|Any CPU
		{7E8F2322-AE59-E1F9-BD69-80F7F3BAF462}.Debug|Any CPU.Build.0 = Debug|Any CPU
		{7E8F2322-AE59-E1F9-BD69-80F7F3BAF462}.Release|Any CPU.ActiveCfg = Release|Any CPU
		{7E8F2322-AE59-E1F9-BD69-80F7F3BAF462}.Release|Any CPU.Build.0 = Release|Any CPU
		{7AE66C23-FEC9-ECB3-B718-CF9C026F7031}.Debug|Any CPU.ActiveCfg = Debug|Any CPU
		{7AE66C23-FEC9-ECB3-B718-CF9C026F7031}.Debug|Any CPU.Build.0 = Debug|Any CPU
		{7AE66C23-FEC9-ECB3-B718-CF9C026F7031}.Release|Any CPU.ActiveCfg = Release|Any CPU
		{7AE66C23-FEC9-ECB3-B718-CF9C026F7031}.Release|Any CPU.Build.0 = Release|Any CPU
		{9CA5ADFD-FF38-19AA-9D3B-67644E428F1D}.Debug|Any CPU.ActiveCfg = Debug|Any CPU
		{9CA5ADFD-FF38-19AA-9D3B-67644E428F1D}.Debug|Any CPU.Build.0 = Debug|Any CPU
		{9CA5ADFD-FF38-19AA-9D3B-67644E428F1D}.Release|Any CPU.ActiveCfg = Release|Any CPU
		{9CA5ADFD-FF38-19AA-9D3B-67644E428F1D}.Release|Any CPU.Build.0 = Release|Any CPU
		{7E2A0F84-CA0A-24B3-D241-21EA62F11921}.Debug|Any CPU.ActiveCfg = Debug|Any CPU
		{7E2A0F84-CA0A-24B3-D241-21EA62F11921}.Debug|Any CPU.Build.0 = Debug|Any CPU
		{7E2A0F84-CA0A-24B3-D241-21EA62F11921}.Release|Any CPU.ActiveCfg = Release|Any CPU
		{7E2A0F84-CA0A-24B3-D241-21EA62F11921}.Release|Any CPU.Build.0 = Release|Any CPU
	EndGlobalSection
	GlobalSection(SolutionProperties) = preSolution
		HideSolutionNode = FALSE
	EndGlobalSection
EndGlobal
